
Microsoft Visual Studio Solution File, Format Version 12.00
# Visual Studio Version 16
VisualStudioVersion = 16.0.31729.503
MinimumVisualStudioVersion = 10.0.40219.1
Project("{8BC9CEB8-8B4A-11D0-8D11-00A0C91BC942}") = "RecursAndFobinach", "RecursAndFobinach\RecursAndFobinach.vcxproj", "{60B34F8F-7D72-4262-A949-9DE23DCE1330}"
EndProject
Global
	GlobalSection(SolutionConfigurationPlatforms) = preSolution
		Debug|x64 = Debug|x64
		Debug|x86 = Debug|x86
		Release|x64 = Release|x64
		Release|x86 = Release|x86
	EndGlobalSection
	GlobalSection(ProjectConfigurationPlatforms) = postSolution
		{60B34F8F-7D72-4262-A949-9DE23DCE1330}.Debug|x64.ActiveCfg = Debug|x64
		{60B34F8F-7D72-4262-A949-9DE23DCE1330}.Debug|x64.Build.0 = Debug|x64
		{60B34F8F-7D72-4262-A949-9DE23DCE1330}.Debug|x86.ActiveCfg = Debug|Win32
		{60B34F8F-7D72-4262-A949-9DE23DCE1330}.Debug|x86.Build.0 = Debug|Win32
		{60B34F8F-7D72-4262-A949-9DE23DCE1330}.Release|x64.ActiveCfg = Release|x64
		{60B34F8F-7D72-4262-A949-9DE23DCE1330}.Release|x64.Build.0 = Release|x64
		{60B34F8F-7D72-4262-A949-9DE23DCE1330}.Release|x86.ActiveCfg = Release|Win32
		{60B34F8F-7D72-4262-A949-9DE23DCE1330}.Release|x86.Build.0 = Release|Win32
	EndGlobalSection
	GlobalSection(SolutionProperties) = preSolution
		HideSolutionNode = FALSE
	EndGlobalSection
	GlobalSection(ExtensibilityGlobals) = postSolution
		SolutionGuid = {C3118E1B-D7CD-4032-A9DC-B9C283D3D9D9}
	EndGlobalSection
EndGlobal
