
Microsoft Visual Studio Solution File, Format Version 12.00
# Visual Studio Version 16
VisualStudioVersion = 16.0.32106.194
MinimumVisualStudioVersion = 10.0.40219.1
Project("{8BC9CEB8-8B4A-11D0-8D11-00A0C91BC942}") = "AnonimObject", "AnonimObject\AnonimObject.vcxproj", "{BEA89FA1-DECC-4065-AF85-DFAC4A3AC29B}"
EndProject
Global
	GlobalSection(SolutionConfigurationPlatforms) = preSolution
		Debug|x64 = Debug|x64
		Debug|x86 = Debug|x86
		Release|x64 = Release|x64
		Release|x86 = Release|x86
	EndGlobalSection
	GlobalSection(ProjectConfigurationPlatforms) = postSolution
		{BEA89FA1-DECC-4065-AF85-DFAC4A3AC29B}.Debug|x64.ActiveCfg = Debug|x64
		{BEA89FA1-DECC-4065-AF85-DFAC4A3AC29B}.Debug|x64.Build.0 = Debug|x64
		{BEA89FA1-DECC-4065-AF85-DFAC4A3AC29B}.Debug|x86.ActiveCfg = Debug|Win32
		{BEA89FA1-DECC-4065-AF85-DFAC4A3AC29B}.Debug|x86.Build.0 = Debug|Win32
		{BEA89FA1-DECC-4065-AF85-DFAC4A3AC29B}.Release|x64.ActiveCfg = Release|x64
		{BEA89FA1-DECC-4065-AF85-DFAC4A3AC29B}.Release|x64.Build.0 = Release|x64
		{BEA89FA1-DECC-4065-AF85-DFAC4A3AC29B}.Release|x86.ActiveCfg = Release|Win32
		{BEA89FA1-DECC-4065-AF85-DFAC4A3AC29B}.Release|x86.Build.0 = Release|Win32
	EndGlobalSection
	GlobalSection(SolutionProperties) = preSolution
		HideSolutionNode = FALSE
	EndGlobalSection
	GlobalSection(ExtensibilityGlobals) = postSolution
		SolutionGuid = {C0E4BFA7-1AE2-4D35-9C66-04B788C021E9}
	EndGlobalSection
EndGlobal
